
Microsoft Visual Studio Solution File, Format Version 12.00
# Visual Studio Version 17
VisualStudioVersion = 17.9.34714.143
MinimumVisualStudioVersion = 10.0.40219.1
Project("{FAE04EC0-301F-11D3-BF4B-00C04F79EFBC}") = "MakeMeUpzz", "MakeMeUpzz\MakeMeUpzz.csproj", "{3D3DD712-01A3-4A88-A214-B5508A3F8E5B}"
EndProject
Global
	GlobalSection(SolutionConfigurationPlatforms) = preSolution
		Debug|Any CPU = Debug|Any CPU
		Release|Any CPU = Release|Any CPU
	EndGlobalSection
	GlobalSection(ProjectConfigurationPlatforms) = postSolution
		{3D3DD712-01A3-4A88-A214-B5508A3F8E5B}.Debug|Any CPU.ActiveCfg = Debug|Any CPU
		{3D3DD712-01A3-4A88-A214-B5508A3F8E5B}.Debug|Any CPU.Build.0 = Debug|Any CPU
		{3D3DD712-01A3-4A88-A214-B5508A3F8E5B}.Release|Any CPU.ActiveCfg = Release|Any CPU
		{3D3DD712-01A3-4A88-A214-B5508A3F8E5B}.Release|Any CPU.Build.0 = Release|Any CPU
	EndGlobalSection
	GlobalSection(SolutionProperties) = preSolution
		HideSolutionNode = FALSE
	EndGlobalSection
	GlobalSection(ExtensibilityGlobals) = postSolution
		SolutionGuid = {CECC7718-6CEE-4A8D-8792-89A3CE6B43F9}
	EndGlobalSection
EndGlobal
